
Microsoft Visual Studio Solution File, Format Version 12.00
# Visual Studio Version 17
VisualStudioVersion = 17.2.32630.192
MinimumVisualStudioVersion = 10.0.40219.1
Project("{FAE04EC0-301F-11D3-BF4B-00C04F79EFBC}") = "lab9", "lab9\lab9.csproj", "{AE8A3671-37B9-410E-89FA-C40477D9BD16}"
EndProject
Global
	GlobalSection(SolutionConfigurationPlatforms) = preSolution
		Debug|Any CPU = Debug|Any CPU
		Release|Any CPU = Release|Any CPU
	EndGlobalSection
	GlobalSection(ProjectConfigurationPlatforms) = postSolution
		{AE8A3671-37B9-410E-89FA-C40477D9BD16}.Debug|Any CPU.ActiveCfg = Debug|Any CPU
		{AE8A3671-37B9-410E-89FA-C40477D9BD16}.Debug|Any CPU.Build.0 = Debug|Any CPU
		{AE8A3671-37B9-410E-89FA-C40477D9BD16}.Release|Any CPU.ActiveCfg = Release|Any CPU
		{AE8A3671-37B9-410E-89FA-C40477D9BD16}.Release|Any CPU.Build.0 = Release|Any CPU
	EndGlobalSection
	GlobalSection(SolutionProperties) = preSolution
		HideSolutionNode = FALSE
	EndGlobalSection
	GlobalSection(ExtensibilityGlobals) = postSolution
		SolutionGuid = {FECEAD21-EB0C-4E1C-9E26-4F3C088B03EA}
	EndGlobalSection
EndGlobal
